// !$*UTF8*$!
{
	archiveVersion = 1;
	classes = {
	};
	objectVersion = 55;
	objects = {

/* Begin PBXBuildFile section */
		3A840E52275CAE9B00A041ED /* AppDelegate.swift in Sources */ = {isa = PBXBuildFile; fileRef = 3A840E51275CAE9B00A041ED /* AppDelegate.swift */; };
		3A840E54275CAE9B00A041ED /* SceneDelegate.swift in Sources */ = {isa = PBXBuildFile; fileRef = 3A840E53275CAE9B00A041ED /* SceneDelegate.swift */; };
		3A840E56275CAE9B00A041ED /* ViewController.swift in Sources */ = {isa = PBXBuildFile; fileRef = 3A840E55275CAE9B00A041ED /* ViewController.swift */; };
		3A840E59275CAE9B00A041ED /* Main.storyboard in Resources */ = {isa = PBXBuildFile; fileRef = 3A840E57275CAE9B00A041ED /* Main.storyboard */; };
		3A840E5B275CAE9C00A041ED /* Assets.xcassets in Resources */ = {isa = PBXBuildFile; fileRef = 3A840E5A275CAE9C00A041ED /* Assets.xcassets */; };
		3A840E5E275CAE9C00A041ED /* LaunchScreen.storyboard in Resources */ = {isa = PBXBuildFile; fileRef = 3A840E5C275CAE9C00A041ED /* LaunchScreen.storyboard */; };
		3A840E69275CAE9D00A041ED /* MadLibsTests.swift in Sources */ = {isa = PBXBuildFile; fileRef = 3A840E68275CAE9D00A041ED /* MadLibsTests.swift */; };
		3A840E73275CAE9D00A041ED /* MadLibsUITests.swift in Sources */ = {isa = PBXBuildFile; fileRef = 3A840E72275CAE9D00A041ED /* MadLibsUITests.swift */; };
		3A840E75275CAE9D00A041ED /* MadLibsUITestsLaunchTests.swift in Sources */ = {isa = PBXBuildFile; fileRef = 3A840E74275CAE9D00A041ED /* MadLibsUITestsLaunchTests.swift */; };
/* End PBXBuildFile section */

/* Begin PBXContainerItemProxy section */
		3A840E65275CAE9D00A041ED /* PBXContainerItemProxy */ = {
			isa = PBXContainerItemProxy;
			containerPortal = 3A840E46275CAE9B00A041ED /* Project object */;
			proxyType = 1;
			remoteGlobalIDString = 3A840E4D275CAE9B00A041ED;
			remoteInfo = MadLibs;
		};
		3A840E6F275CAE9D00A041ED /* PBXContainerItemProxy */ = {
			isa = PBXContainerItemProxy;
			containerPortal = 3A840E46275CAE9B00A041ED /* Project object */;
			proxyType = 1;
			remoteGlobalIDString = 3A840E4D275CAE9B00A041ED;
			remoteInfo = MadLibs;
		};
/* End PBXContainerItemProxy section */

/* Begin PBXFileReference section */
		3A840E4E275CAE9B00A041ED /* MadLibs.app */ = {isa = PBXFileReference; explicitFileType = wrapper.application; includeInIndex = 0; path = MadLibs.app; sourceTree = BUILT_PRODUCTS_DIR; };
		3A840E51275CAE9B00A041ED /* AppDelegate.swift */ = {isa = PBXFileReference; lastKnownFileType = sourcecode.swift; path = AppDelegate.swift; sourceTree = "<group>"; };
		3A840E53275CAE9B00A041ED /* SceneDelegate.swift */ = {isa = PBXFileReference; lastKnownFileType = sourcecode.swift; path = SceneDelegate.swift; sourceTree = "<group>"; };
		3A840E55275CAE9B00A041ED /* ViewController.swift */ = {isa = PBXFileReference; lastKnownFileType = sourcecode.swift; path = ViewController.swift; sourceTree = "<group>"; };
		3A840E58275CAE9B00A041ED /* Base */ = {isa = PBXFileReference; lastKnownFileType = file.storyboard; name = Base; path = Base.lproj/Main.storyboard; sourceTree = "<group>"; };
		3A840E5A275CAE9C00A041ED /* Assets.xcassets */ = {isa = PBXFileReference; lastKnownFileType = folder.assetcatalog; path = Assets.xcassets; sourceTree = "<group>"; };
		3A840E5D275CAE9C00A041ED /* Base */ = {isa = PBXFileReference; lastKnownFileType = file.storyboard; name = Base; path = Base.lproj/LaunchScreen.storyboard; sourceTree = "<group>"; };
		3A840E5F275CAE9C00A041ED /* Info.plist */ = {isa = PBXFileReference; lastKnownFileType = text.plist.xml; path = Info.plist; sourceTree = "<group>"; };
		3A840E64275CAE9D00A041ED /* MadLibsTests.xctest */ = {isa = PBXFileReference; explicitFileType = wrapper.cfbundle; includeInIndex = 0; path = MadLibsTests.xctest; sourceTree = BUILT_PRODUCTS_DIR; };
		3A840E68275CAE9D00A041ED /* MadLibsTests.swift */ = {isa = PBXFileReference; lastKnownFileType = sourcecode.swift; path = MadLibsTests.swift; sourceTree = "<group>"; };
		3A840E6E275CAE9D00A041ED /* MadLibsUITests.xctest */ = {isa = PBXFileReference; explicitFileType = wrapper.cfbundle; includeInIndex = 0; path = MadLibsUITests.xctest; sourceTree = BUILT_PRODUCTS_DIR; };
		3A840E72275CAE9D00A041ED /* MadLibsUITests.swift */ = {isa = PBXFileReference; lastKnownFileType = sourcecode.swift; path = MadLibsUITests.swift; sourceTree = "<group>"; };
		3A840E74275CAE9D00A041ED /* MadLibsUITestsLaunchTests.swift */ = {isa = PBXFileReference; lastKnownFileType = sourcecode.swift; path = MadLibsUITestsLaunchTests.swift; sourceTree = "<group>"; };
/* End PBXFileReference section */

/* Begin PBXFrameworksBuildPhase section */
		3A840E4B275CAE9B00A041ED /* Frameworks */ = {
			isa = PBXFrameworksBuildPhase;
			buildActionMask = 2147483647;
			files = (
			);
			runOnlyForDeploymentPostprocessing = 0;
		};
		3A840E61275CAE9D00A041ED /* Frameworks */ = {
			isa = PBXFrameworksBuildPhase;
			buildActionMask = 2147483647;
			files = (
			);
			runOnlyForDeploymentPostprocessing = 0;
		};
		3A840E6B275CAE9D00A041ED /* Frameworks */ = {
			isa = PBXFrameworksBuildPhase;
			buildActionMask = 2147483647;
			files = (
			);
			runOnlyForDeploymentPostprocessing = 0;
		};
/* End PBXFrameworksBuildPhase section */

/* Begin PBXGroup section */
		3A840E45275CAE9B00A041ED = {
			isa = PBXGroup;
			children = (
				3A840E50275CAE9B00A041ED /* MadLibs */,
				3A840E67275CAE9D00A041ED /* MadLibsTests */,
				3A840E71275CAE9D00A041ED /* MadLibsUITests */,
				3A840E4F275CAE9B00A041ED /* Products */,
			);
			sourceTree = "<group>";
		};
		3A840E4F275CAE9B00A041ED /* Products */ = {
			isa = PBXGroup;
			children = (
				3A840E4E275CAE9B00A041ED /* MadLibs.app */,
				3A840E64275CAE9D00A041ED /* MadLibsTests.xctest */,
				3A840E6E275CAE9D00A041ED /* MadLibsUITests.xctest */,
			);
			name = Products;
			sourceTree = "<group>";
		};
		3A840E50275CAE9B00A041ED /* MadLibs */ = {
			isa = PBXGroup;
			children = (
				3A840E51275CAE9B00A041ED /* AppDelegate.swift */,
				3A840E53275CAE9B00A041ED /* SceneDelegate.swift */,
				3A840E55275CAE9B00A041ED /* ViewController.swift */,
				3A840E57275CAE9B00A041ED /* Main.storyboard */,
				3A840E5A275CAE9C00A041ED /* Assets.xcassets */,
				3A840E5C275CAE9C00A041ED /* LaunchScreen.storyboard */,
				3A840E5F275CAE9C00A041ED /* Info.plist */,
			);
			path = MadLibs;
			sourceTree = "<group>";
		};
		3A840E67275CAE9D00A041ED /* MadLibsTests */ = {
			isa = PBXGroup;
			children = (
				3A840E68275CAE9D00A041ED /* MadLibsTests.swift */,
			);
			path = MadLibsTests;
			sourceTree = "<group>";
		};
		3A840E71275CAE9D00A041ED /* MadLibsUITests */ = {
			isa = PBXGroup;
			children = (
				3A840E72275CAE9D00A041ED /* MadLibsUITests.swift */,
				3A840E74275CAE9D00A041ED /* MadLibsUITestsLaunchTests.swift */,
			);
			path = MadLibsUITests;
			sourceTree = "<group>";
		};
/* End PBXGroup section */

/* Begin PBXNativeTarget section */
		3A840E4D275CAE9B00A041ED /* MadLibs */ = {
			isa = PBXNativeTarget;
			buildConfigurationList = 3A840E78275CAE9D00A041ED /* Build configuration list for PBXNativeTarget "MadLibs" */;
			buildPhases = (
				3A840E4A275CAE9B00A041ED /* Sources */,
				3A840E4B275CAE9B00A041ED /* Frameworks */,
				3A840E4C275CAE9B00A041ED /* Resources */,
			);
			buildRules = (
			);
			dependencies = (
			);
			name = MadLibs;
			productName = MadLibs;
			productReference = 3A840E4E275CAE9B00A041ED /* MadLibs.app */;
			productType = "com.apple.product-type.application";
		};
		3A840E63275CAE9D00A041ED /* MadLibsTests */ = {
			isa = PBXNativeTarget;
			buildConfigurationList = 3A840E7B275CAE9D00A041ED /* Build configuration list for PBXNativeTarget "MadLibsTests" */;
			buildPhases = (
				3A840E60275CAE9D00A041ED /* Sources */,
				3A840E61275CAE9D00A041ED /* Frameworks */,
				3A840E62275CAE9D00A041ED /* Resources */,
			);
			buildRules = (
			);
			dependencies = (
				3A840E66275CAE9D00A041ED /* PBXTargetDependency */,
			);
			name = MadLibsTests;
			productName = MadLibsTests;
			productReference = 3A840E64275CAE9D00A041ED /* MadLibsTests.xctest */;
			productType = "com.apple.product-type.bundle.unit-test";
		};
		3A840E6D275CAE9D00A041ED /* MadLibsUITests */ = {
			isa = PBXNativeTarget;
			buildConfigurationList = 3A840E7E275CAE9D00A041ED /* Build configuration list for PBXNativeTarget "MadLibsUITests" */;
			buildPhases = (
				3A840E6A275CAE9D00A041ED /* Sources */,
				3A840E6B275CAE9D00A041ED /* Frameworks */,
				3A840E6C275CAE9D00A041ED /* Resources */,
			);
			buildRules = (
			);
			dependencies = (
				3A840E70275CAE9D00A041ED /* PBXTargetDependency */,
			);
			name = MadLibsUITests;
			productName = MadLibsUITests;
			productReference = 3A840E6E275CAE9D00A041ED /* MadLibsUITests.xctest */;
			productType = "com.apple.product-type.bundle.ui-testing";
		};
/* End PBXNativeTarget section */

/* Begin PBXProject section */
		3A840E46275CAE9B00A041ED /* Project object */ = {
			isa = PBXProject;
			attributes = {
				BuildIndependentTargetsInParallel = 1;
				LastSwiftUpdateCheck = 1310;
				LastUpgradeCheck = 1310;
				TargetAttributes = {
					3A840E4D275CAE9B00A041ED = {
						CreatedOnToolsVersion = 13.1;
					};
					3A840E63275CAE9D00A041ED = {
						CreatedOnToolsVersion = 13.1;
						TestTargetID = 3A840E4D275CAE9B00A041ED;
					};
					3A840E6D275CAE9D00A041ED = {
						CreatedOnToolsVersion = 13.1;
						TestTargetID = 3A840E4D275CAE9B00A041ED;
					};
				};
			};
			buildConfigurationList = 3A840E49275CAE9B00A041ED /* Build configuration list for PBXProject "MadLibs" */;
			compatibilityVersion = "Xcode 13.0";
			developmentRegion = en;
			hasScannedForEncodings = 0;
			knownRegions = (
				en,
				Base,
			);
			mainGroup = 3A840E45275CAE9B00A041ED;
			productRefGroup = 3A840E4F275CAE9B00A041ED /* Products */;
			projectDirPath = "";
			projectRoot = "";
			targets = (
				3A840E4D275CAE9B00A041ED /* MadLibs */,
				3A840E63275CAE9D00A041ED /* MadLibsTests */,
				3A840E6D275CAE9D00A041ED /* MadLibsUITests */,
			);
		};
/* End PBXProject section */

/* Begin PBXResourcesBuildPhase section */
		3A840E4C275CAE9B00A041ED /* Resources */ = {
			isa = PBXResourcesBuildPhase;
			buildActionMask = 2147483647;
			files = (
				3A840E5E275CAE9C00A041ED /* LaunchScreen.storyboard in Resources */,
				3A840E5B275CAE9C00A041ED /* Assets.xcassets in Resources */,
				3A840E59275CAE9B00A041ED /* Main.storyboard in Resources */,
			);
			runOnlyForDeploymentPostprocessing = 0;
		};
		3A840E62275CAE9D00A041ED /* Resources */ = {
			isa = PBXResourcesBuildPhase;
			buildActionMask = 2147483647;
			files = (
			);
			runOnlyForDeploymentPostprocessing = 0;
		};
		3A840E6C275CAE9D00A041ED /* Resources */ = {
			isa = PBXResourcesBuildPhase;
			buildActionMask = 2147483647;
			files = (
			);
			runOnlyForDeploymentPostprocessing = 0;
		};
/* End PBXResourcesBuildPhase section */

/* Begin PBXSourcesBuildPhase section */
		3A840E4A275CAE9B00A041ED /* Sources */ = {
			isa = PBXSourcesBuildPhase;
			buildActionMask = 2147483647;
			files = (
				3A840E56275CAE9B00A041ED /* ViewController.swift in Sources */,
				3A840E52275CAE9B00A041ED /* AppDelegate.swift in Sources */,
				3A840E54275CAE9B00A041ED /* SceneDelegate.swift in Sources */,
			);
			runOnlyForDeploymentPostprocessing = 0;
		};
		3A840E60275CAE9D00A041ED /* Sources */ = {
			isa = PBXSourcesBuildPhase;
			buildActionMask = 2147483647;
			files = (
				3A840E69275CAE9D00A041ED /* MadLibsTests.swift in Sources */,
			);
			runOnlyForDeploymentPostprocessing = 0;
		};
		3A840E6A275CAE9D00A041ED /* Sources */ = {
			isa = PBXSourcesBuildPhase;
			buildActionMask = 2147483647;
			files = (
				3A840E73275CAE9D00A041ED /* MadLibsUITests.swift in Sources */,
				3A840E75275CAE9D00A041ED /* MadLibsUITestsLaunchTests.swift in Sources */,
			);
			runOnlyForDeploymentPostprocessing = 0;
		};
/* End PBXSourcesBuildPhase section */

/* Begin PBXTargetDependency section */
		3A840E66275CAE9D00A041ED /* PBXTargetDependency */ = {
			isa = PBXTargetDependency;
			target = 3A840E4D275CAE9B00A041ED /* MadLibs */;
			targetProxy = 3A840E65275CAE9D00A041ED /* PBXContainerItemProxy */;
		};
		3A840E70275CAE9D00A041ED /* PBXTargetDependency */ = {
			isa = PBXTargetDependency;
			target = 3A840E4D275CAE9B00A041ED /* MadLibs */;
			targetProxy = 3A840E6F275CAE9D00A041ED /* PBXContainerItemProxy */;
		};
/* End PBXTargetDependency section */

/* Begin PBXVariantGroup section */
		3A840E57275CAE9B00A041ED /* Main.storyboard */ = {
			isa = PBXVariantGroup;
			children = (
				3A840E58275CAE9B00A041ED /* Base */,
			);
			name = Main.storyboard;
			sourceTree = "<group>";
		};
		3A840E5C275CAE9C00A041ED /* LaunchScreen.storyboard */ = {
			isa = PBXVariantGroup;
			children = (
				3A840E5D275CAE9C00A041ED /* Base */,
			);
			name = LaunchScreen.storyboard;
			sourceTree = "<group>";
		};
/* End PBXVariantGroup section */

/* Begin XCBuildConfiguration section */
		3A840E76275CAE9D00A041ED /* Debug */ = {
			isa = XCBuildConfiguration;
			buildSettings = {
				ALWAYS_SEARCH_USER_PATHS = NO;
				CLANG_ANALYZER_NONNULL = YES;
				CLANG_ANALYZER_NUMBER_OBJECT_CONVERSION = YES_AGGRESSIVE;
				CLANG_CXX_LANGUAGE_STANDARD = "gnu++17";
				CLANG_CXX_LIBRARY = "libc++";
				CLANG_ENABLE_MODULES = YES;
				CLANG_ENABLE_OBJC_ARC = YES;
				CLANG_ENABLE_OBJC_WEAK = YES;
				CLANG_WARN_BLOCK_CAPTURE_AUTORELEASING = YES;
				CLANG_WARN_BOOL_CONVERSION = YES;
				CLANG_WARN_COMMA = YES;
				CLANG_WARN_CONSTANT_CONVERSION = YES;
				CLANG_WARN_DEPRECATED_OBJC_IMPLEMENTATIONS = YES;
				CLANG_WARN_DIRECT_OBJC_ISA_USAGE = YES_ERROR;
				CLANG_WARN_DOCUMENTATION_COMMENTS = YES;
				CLANG_WARN_EMPTY_BODY = YES;
				CLANG_WARN_ENUM_CONVERSION = YES;
				CLANG_WARN_INFINITE_RECURSION = YES;
				CLANG_WARN_INT_CONVERSION = YES;
				CLANG_WARN_NON_LITERAL_NULL_CONVERSION = YES;
				CLANG_WARN_OBJC_IMPLICIT_RETAIN_SELF = YES;
				CLANG_WARN_OBJC_LITERAL_CONVERSION = YES;
				CLANG_WARN_OBJC_ROOT_CLASS = YES_ERROR;
				CLANG_WARN_QUOTED_INCLUDE_IN_FRAMEWORK_HEADER = YES;
				CLANG_WARN_RANGE_LOOP_ANALYSIS = YES;
				CLANG_WARN_STRICT_PROTOTYPES = YES;
				CLANG_WARN_SUSPICIOUS_MOVE = YES;
				CLANG_WARN_UNGUARDED_AVAILABILITY = YES_AGGRESSIVE;
				CLANG_WARN_UNREACHABLE_CODE = YES;
				CLANG_WARN__DUPLICATE_METHOD_MATCH = YES;
				COPY_PHASE_STRIP = NO;
				DEBUG_INFORMATION_FORMAT = dwarf;
				ENABLE_STRICT_OBJC_MSGSEND = YES;
				ENABLE_TESTABILITY = YES;
				GCC_C_LANGUAGE_STANDARD = gnu11;
				GCC_DYNAMIC_NO_PIC = NO;
				GCC_NO_COMMON_BLOCKS = YES;
				GCC_OPTIMIZATION_LEVEL = 0;
				GCC_PREPROCESSOR_DEFINITIONS = (
					"DEBUG=1",
					"$(inherited)",
				);
				GCC_WARN_64_TO_32_BIT_CONVERSION = YES;
				GCC_WARN_ABOUT_RETURN_TYPE = YES_ERROR;
				GCC_WARN_UNDECLARED_SELECTOR = YES;
				GCC_WARN_UNINITIALIZED_AUTOS = YES_AGGRESSIVE;
				GCC_WARN_UNUSED_FUNCTION = YES;
				GCC_WARN_UNUSED_VARIABLE = YES;
				IPHONEOS_DEPLOYMENT_TARGET = 15.0;
				MTL_ENABLE_DEBUG_INFO = INCLUDE_SOURCE;
				MTL_FAST_MATH = YES;
				ONLY_ACTIVE_ARCH = YES;
				SDKROOT = iphoneos;
				SWIFT_ACTIVE_COMPILATION_CONDITIONS = DEBUG;
				SWIFT_OPTIMIZATION_LEVEL = "-Onone";
			};
			name = Debug;
		};
		3A840E77275CAE9D00A041ED /* Release */ = {
			isa = XCBuildConfiguration;
			buildSettings = {
				ALWAYS_SEARCH_USER_PATHS = NO;
				CLANG_ANALYZER_NONNULL = YES;
				CLANG_ANALYZER_NUMBER_OBJECT_CONVERSION = YES_AGGRESSIVE;
				CLANG_CXX_LANGUAGE_STANDARD = "gnu++17";
				CLANG_CXX_LIBRARY = "libc++";
				CLANG_ENABLE_MODULES = YES;
				CLANG_ENABLE_OBJC_ARC = YES;
				CLANG_ENABLE_OBJC_WEAK = YES;
				CLANG_WARN_BLOCK_CAPTURE_AUTORELEASING = YES;
				CLANG_WARN_BOOL_CONVERSION = YES;
				CLANG_WARN_COMMA = YES;
				CLANG_WARN_CONSTANT_CONVERSION = YES;
				CLANG_WARN_DEPRECATED_OBJC_IMPLEMENTATIONS = YES;
				CLANG_WARN_DIRECT_OBJC_ISA_USAGE = YES_ERROR;
				CLANG_WARN_DOCUMENTATION_COMMENTS = YES;
				CLANG_WARN_EMPTY_BODY = YES;
				CLANG_WARN_ENUM_CONVERSION = YES;
				CLANG_WARN_INFINITE_RECURSION = YES;
				CLANG_WARN_INT_CONVERSION = YES;
				CLANG_WARN_NON_LITERAL_NULL_CONVERSION = YES;
				CLANG_WARN_OBJC_IMPLICIT_RETAIN_SELF = YES;
				CLANG_WARN_OBJC_LITERAL_CONVERSION = YES;
				CLANG_WARN_OBJC_ROOT_CLASS = YES_ERROR;
				CLANG_WARN_QUOTED_INCLUDE_IN_FRAMEWORK_HEADER = YES;
				CLANG_WARN_RANGE_LOOP_ANALYSIS = YES;
				CLANG_WARN_STRICT_PROTOTYPES = YES;
				CLANG_WARN_SUSPICIOUS_MOVE = YES;
				CLANG_WARN_UNGUARDED_AVAILABILITY = YES_AGGRESSIVE;
				CLANG_WARN_UNREACHABLE_CODE = YES;
				CLANG_WARN__DUPLICATE_METHOD_MATCH = YES;
				COPY_PHASE_STRIP = NO;
				DEBUG_INFORMATION_FORMAT = "dwarf-with-dsym";
				ENABLE_NS_ASSERTIONS = NO;
				ENABLE_STRICT_OBJC_MSGSEND = YES;
				GCC_C_LANGUAGE_STANDARD = gnu11;
				GCC_NO_COMMON_BLOCKS = YES;
				GCC_WARN_64_TO_32_BIT_CONVERSION = YES;
				GCC_WARN_ABOUT_RETURN_TYPE = YES_ERROR;
				GCC_WARN_UNDECLARED_SELECTOR = YES;
				GCC_WARN_UNINITIALIZED_AUTOS = YES_AGGRESSIVE;
				GCC_WARN_UNUSED_FUNCTION = YES;
				GCC_WARN_UNUSED_VARIABLE = YES;
				IPHONEOS_DEPLOYMENT_TARGET = 15.0;
				MTL_ENABLE_DEBUG_INFO = NO;
				MTL_FAST_MATH = YES;
				SDKROOT = iphoneos;
				SWIFT_COMPILATION_MODE = wholemodule;
				SWIFT_OPTIMIZATION_LEVEL = "-O";
				VALIDATE_PRODUCT = YES;
			};
			name = Release;
		};
		3A840E79275CAE9D00A041ED /* Debug */ = {
			isa = XCBuildConfiguration;
			buildSettings = {
				ASSETCATALOG_COMPILER_APPICON_NAME = AppIcon;
				ASSETCATALOG_COMPILER_GLOBAL_ACCENT_COLOR_NAME = AccentColor;
				CODE_SIGN_STYLE = Automatic;
				CURRENT_PROJECT_VERSION = 1;
				GENERATE_INFOPLIST_FILE = YES;
				INFOPLIST_FILE = MadLibs/Info.plist;
				INFOPLIST_KEY_UIApplicationSupportsIndirectInputEvents = YES;
				INFOPLIST_KEY_UILaunchStoryboardName = LaunchScreen;
				INFOPLIST_KEY_UIMainStoryboardFile = Main;
				INFOPLIST_KEY_UISupportedInterfaceOrientations_iPad = "UIInterfaceOrientationPortrait UIInterfaceOrientationPortraitUpsideDown UIInterfaceOrientationLandscapeLeft UIInterfaceOrientationLandscapeRight";
				INFOPLIST_KEY_UISupportedInterfaceOrientations_iPhone = "UIInterfaceOrientationPortrait UIInterfaceOrientationLandscapeLeft UIInterfaceOrientationLandscapeRight";
				LD_RUNPATH_SEARCH_PATHS = (
					"$(inherited)",
					"@executable_path/Frameworks",
				);
				MARKETING_VERSION = 1.0;
				PRODUCT_BUNDLE_IDENTIFIER = faisal.MadLibs;
				PRODUCT_NAME = "$(TARGET_NAME)";
				SWIFT_EMIT_LOC_STRINGS = YES;
				SWIFT_VERSION = 5.0;
				TARGETED_DEVICE_FAMILY = "1,2";
			};
			name = Debug;
		};
		3A840E7A275CAE9D00A041ED /* Release */ = {
			isa = XCBuildConfiguration;
			buildSettings = {
				ASSETCATALOG_COMPILER_APPICON_NAME = AppIcon;
				ASSETCATALOG_COMPILER_GLOBAL_ACCENT_COLOR_NAME = AccentColor;
				CODE_SIGN_STYLE = Automatic;
				CURRENT_PROJECT_VERSION = 1;
				GENERATE_INFOPLIST_FILE = YES;
				INFOPLIST_FILE = MadLibs/Info.plist;
				INFOPLIST_KEY_UIApplicationSupportsIndirectInputEvents = YES;
				INFOPLIST_KEY_UILaunchStoryboardName = LaunchScreen;
				INFOPLIST_KEY_UIMainStoryboardFile = Main;
				INFOPLIST_KEY_UISupportedInterfaceOrientations_iPad = "UIInterfaceOrientationPortrait UIInterfaceOrientationPortraitUpsideDown UIInterfaceOrientationLandscapeLeft UIInterfaceOrientationLandscapeRight";
				INFOPLIST_KEY_UISupportedInterfaceOrientations_iPhone = "UIInterfaceOrientationPortrait UIInterfaceOrientationLandscapeLeft UIInterfaceOrientationLandscapeRight";
				LD_RUNPATH_SEARCH_PATHS = (
					"$(inherited)",
					"@executable_path/Frameworks",
				);
				MARKETING_VERSION = 1.0;
				PRODUCT_BUNDLE_IDENTIFIER = faisal.MadLibs;
				PRODUCT_NAME = "$(TARGET_NAME)";
				SWIFT_EMIT_LOC_STRINGS = YES;
				SWIFT_VERSION = 5.0;
				TARGETED_DEVICE_FAMILY = "1,2";
			};
			name = Release;
		};
		3A840E7C275CAE9D00A041ED /* Debug */ = {
			isa = XCBuildConfiguration;
			buildSettings = {
				ALWAYS_EMBED_SWIFT_STANDARD_LIBRARIES = YES;
				BUNDLE_LOADER = "$(TEST_HOST)";
				CODE_SIGN_STYLE = Automatic;
				CURRENT_PROJECT_VERSION = 1;
				GENERATE_INFOPLIST_FILE = YES;
				IPHONEOS_DEPLOYMENT_TARGET = 15.0;
				LD_RUNPATH_SEARCH_PATHS = (
					"$(inherited)",
					"@executable_path/Frameworks",
					"@loader_path/Frameworks",
				);
				MARKETING_VERSION = 1.0;
				PRODUCT_BUNDLE_IDENTIFIER = faisal.MadLibsTests;
				PRODUCT_NAME = "$(TARGET_NAME)";
				SWIFT_EMIT_LOC_STRINGS = NO;
				SWIFT_VERSION = 5.0;
				TARGETED_DEVICE_FAMILY = "1,2";
				TEST_HOST = "$(BUILT_PRODUCTS_DIR)/MadLibs.app/MadLibs";
			};
			name = Debug;
		};
		3A840E7D275CAE9D00A041ED /* Release */ = {
			isa = XCBuildConfiguration;
			buildSettings = {
				ALWAYS_EMBED_SWIFT_STANDARD_LIBRARIES = YES;
				BUNDLE_LOADER = "$(TEST_HOST)";
				CODE_SIGN_STYLE = Automatic;
				CURRENT_PROJECT_VERSION = 1;
				GENERATE_INFOPLIST_FILE = YES;
				IPHONEOS_DEPLOYMENT_TARGET = 15.0;
				LD_RUNPATH_SEARCH_PATHS = (
					"$(inherited)",
					"@executable_path/Frameworks",
					"@loader_path/Frameworks",
				);
				MARKETING_VERSION = 1.0;
				PRODUCT_BUNDLE_IDENTIFIER = faisal.MadLibsTests;
				PRODUCT_NAME = "$(TARGET_NAME)";
				SWIFT_EMIT_LOC_STRINGS = NO;
				SWIFT_VERSION = 5.0;
				TARGETED_DEVICE_FAMILY = "1,2";
				TEST_HOST = "$(BUILT_PRODUCTS_DIR)/MadLibs.app/MadLibs";
			};
			name = Release;
		};
		3A840E7F275CAE9D00A041ED /* Debug */ = {
			isa = XCBuildConfiguration;
			buildSettings = {
				ALWAYS_EMBED_SWIFT_STANDARD_LIBRARIES = YES;
				CODE_SIGN_STYLE = Automatic;
				CURRENT_PROJECT_VERSION = 1;
				GENERATE_INFOPLIST_FILE = YES;
				LD_RUNPATH_SEARCH_PATHS = (
					"$(inherited)",
					"@executable_path/Frameworks",
					"@loader_path/Frameworks",
				);
				MARKETING_VERSION = 1.0;
				PRODUCT_BUNDLE_IDENTIFIER = faisal.MadLibsUITests;
				PRODUCT_NAME = "$(TARGET_NAME)";
				SWIFT_EMIT_LOC_STRINGS = NO;
				SWIFT_VERSION = 5.0;
				TARGETED_DEVICE_FAMILY = "1,2";
				TEST_TARGET_NAME = MadLibs;
			};
			name = Debug;
		};
		3A840E80275CAE9D00A041ED /* Release */ = {
			isa = XCBuildConfiguration;
			buildSettings = {
				ALWAYS_EMBED_SWIFT_STANDARD_LIBRARIES = YES;
				CODE_SIGN_STYLE = Automatic;
				CURRENT_PROJECT_VERSION = 1;
				GENERATE_INFOPLIST_FILE = YES;
				LD_RUNPATH_SEARCH_PATHS = (
					"$(inherited)",
					"@executable_path/Frameworks",
					"@loader_path/Frameworks",
				);
				MARKETING_VERSION = 1.0;
				PRODUCT_BUNDLE_IDENTIFIER = faisal.MadLibsUITests;
				PRODUCT_NAME = "$(TARGET_NAME)";
				SWIFT_EMIT_LOC_STRINGS = NO;
				SWIFT_VERSION = 5.0;
				TARGETED_DEVICE_FAMILY = "1,2";
				TEST_TARGET_NAME = MadLibs;
			};
			name = Release;
		};
/* End XCBuildConfiguration section */

/* Begin XCConfigurationList section */
		3A840E49275CAE9B00A041ED /* Build configuration list for PBXProject "MadLibs" */ = {
			isa = XCConfigurationList;
			buildConfigurations = (
				3A840E76275CAE9D00A041ED /* Debug */,
				3A840E77275CAE9D00A041ED /* Release */,
			);
			defaultConfigurationIsVisible = 0;
			defaultConfigurationName = Release;
		};
		3A840E78275CAE9D00A041ED /* Build configuration list for PBXNativeTarget "MadLibs" */ = {
			isa = XCConfigurationList;
			buildConfigurations = (
				3A840E79275CAE9D00A041ED /* Debug */,
				3A840E7A275CAE9D00A041ED /* Release */,
			);
			defaultConfigurationIsVisible = 0;
			defaultConfigurationName = Release;
		};
		3A840E7B275CAE9D00A041ED /* Build configuration list for PBXNativeTarget "MadLibsTests" */ = {
			isa = XCConfigurationList;
			buildConfigurations = (
				3A840E7C275CAE9D00A041ED /* Debug */,
				3A840E7D275CAE9D00A041ED /* Release */,
			);
			defaultConfigurationIsVisible = 0;
			defaultConfigurationName = Release;
		};
		3A840E7E275CAE9D00A041ED /* Build configuration list for PBXNativeTarget "MadLibsUITests" */ = {
			isa = XCConfigurationList;
			buildConfigurations = (
				3A840E7F275CAE9D00A041ED /* Debug */,
				3A840E80275CAE9D00A041ED /* Release */,
			);
			defaultConfigurationIsVisible = 0;
			defaultConfigurationName = Release;
		};
/* End XCConfigurationList section */
	};
	rootObject = 3A840E46275CAE9B00A041ED /* Project object */;
}
